
Microsoft Visual Studio Solution File, Format Version 12.00
# Visual Studio 15
VisualStudioVersion = 15.0.27004.2006
MinimumVisualStudioVersion = 10.0.40219.1
Project("{FAE04EC0-301F-11D3-BF4B-00C04F79EFBC}") = "HackatonApi", "HackatonApi\HackatonApi.csproj", "{FF67C2DF-771B-48C8-8EA8-20D86064A71C}"
EndProject
Global
	GlobalSection(SolutionConfigurationPlatforms) = preSolution
		Debug|Any CPU = Debug|Any CPU
		Release|Any CPU = Release|Any CPU
	EndGlobalSection
	GlobalSection(ProjectConfigurationPlatforms) = postSolution
		{FF67C2DF-771B-48C8-8EA8-20D86064A71C}.Debug|Any CPU.ActiveCfg = Debug|Any CPU
		{FF67C2DF-771B-48C8-8EA8-20D86064A71C}.Debug|Any CPU.Build.0 = Debug|Any CPU
		{FF67C2DF-771B-48C8-8EA8-20D86064A71C}.Release|Any CPU.ActiveCfg = Release|Any CPU
		{FF67C2DF-771B-48C8-8EA8-20D86064A71C}.Release|Any CPU.Build.0 = Release|Any CPU
	EndGlobalSection
	GlobalSection(SolutionProperties) = preSolution
		HideSolutionNode = FALSE
	EndGlobalSection
	GlobalSection(ExtensibilityGlobals) = postSolution
		SolutionGuid = {D1561DD9-92D2-4AB9-BD4A-F1988DC29B71}
	EndGlobalSection
EndGlobal
